
Microsoft Visual Studio Solution File, Format Version 12.00
# Visual Studio Version 17
VisualStudioVersion = 17.14.36705.20 d17.14
MinimumVisualStudioVersion = 10.0.40219.1
Project("{FAE04EC0-301F-11D3-BF4B-00C04F79EFBC}") = "wpf_registryFormApi", "wpf_registryFormApi\wpf_registryFormApi.csproj", "{1937EB3A-E2BC-4998-A2C5-C42D30DB297A}"
EndProject
Global
	GlobalSection(SolutionConfigurationPlatforms) = preSolution
		Debug|Any CPU = Debug|Any CPU
		Release|Any CPU = Release|Any CPU
	EndGlobalSection
	GlobalSection(ProjectConfigurationPlatforms) = postSolution
		{1937EB3A-E2BC-4998-A2C5-C42D30DB297A}.Debug|Any CPU.ActiveCfg = Debug|Any CPU
		{1937EB3A-E2BC-4998-A2C5-C42D30DB297A}.Debug|Any CPU.Build.0 = Debug|Any CPU
		{1937EB3A-E2BC-4998-A2C5-C42D30DB297A}.Release|Any CPU.ActiveCfg = Release|Any CPU
		{1937EB3A-E2BC-4998-A2C5-C42D30DB297A}.Release|Any CPU.Build.0 = Release|Any CPU
	EndGlobalSection
	GlobalSection(SolutionProperties) = preSolution
		HideSolutionNode = FALSE
	EndGlobalSection
	GlobalSection(ExtensibilityGlobals) = postSolution
		SolutionGuid = {F7715DCE-1420-43E9-A04A-FFCFD708BB53}
	EndGlobalSection
EndGlobal
